<?xml version="1.0" encoding="utf-8"?>
<Project ToolsVersion="4.0" xmlns="http://schemas.microsoft.com/developer/msbuild/2003">
  <ItemGroup>
    <Filter Include="Source Files">
      <UniqueIdentifier>{4FC737F1-C7A5-4376-A066-2A32D752A2FF}</UniqueIdentifier>
      <Extensions>cpp;c;cc;cxx;def;odl;idl;hpj;bat;asm;asmx</Extensions>
    </Filter>
    <Filter Include="Header Files">
      <UniqueIdentifier>{93995380-89BD-4b04-88EB-625FBE52EBFB}</UniqueIdentifier>
      <Extensions>h;hh;hpp;hxx;hm;inl;inc;xsd</Extensions>
    </Filter>
    <Filter Include="Resource Files">
      <UniqueIdentifier>{67DA6AB6-F800-4c08-8B7A-83BB121AAD01}</UniqueIdentifier>
      <Extensions>rc;ico;cur;bmp;dlg;rc2;rct;bin;rgs;gif;jpg;jpeg;jpe;resx;tiff;tif;png;wav;mfcribbon-ms</Extensions>
    </Filter>
    <Filter Include="Source Files\ThirdParty">
      <UniqueIdentifier>{a1e74f2b-11a7-4c54-8a4a-7e4584459f8b}</UniqueIdentifier>
    </Filter>
  </ItemGroup>
  <ItemGroup>
    <ClCompile Include="main.cpp">
      <Filter>Source Files</Filter>
    </ClCompile>
    <ClCompile Include="FramesCounter_Test.cpp">
      <Filter>Source Files</Filter>
    </ClCompile>
    <ClCompile Include="GameAbyss_Test.cpp">
      <Filter>Source Files</Filter>
    </ClCompile>
    <ClCompile Include="..\..\ThirdParty\GoogleTest\src\gtest-all.cc">
      <Filter>Source Files\ThirdParty</Filter>
    </ClCompile>
    <ClCompile Include="RendererStub.cpp">
      <Filter>Source Files</Filter>
    </ClCompile>
    <ClCompile Include="LevelLocationNames_Test.cpp">
      <Filter>Source Files</Filter>
    </ClCompile>
    <ClCompile Include="HelpPages_Test.cpp">
      <Filter>Source Files</Filter>
    </ClCompile>
    <ClCompile Include="GameArmageddon_Test.cpp">
      <Filter>Source Files</Filter>
    </ClCompile>
    <ClCompile Include="GameApocalypse_Test.cpp">
      <Filter>Source Files</Filter>
    </ClCompile>
    <ClCompile Include="ViewPorts_Test.cpp">
      <Filter>Source Files</Filter>
    </ClCompile>
    <ClCompile Include="GameCatacomb3D_Test.cpp">
      <Filter>Source Files</Filter>
    </ClCompile>
    <ClCompile Include="TextureAtlas_Test.cpp">
      <Filter>Source Files</Filter>
    </ClCompile>
    <ClCompile Include="ConsoleVariableBool_Test.cpp">
      <Filter>Source Files</Filter>
    </ClCompile>
    <ClCompile Include="ConsoleVariableString_Test.cpp">
      <Filter>Source Files</Filter>
    </ClCompile>
    <ClCompile Include="ConsoleVariableEnum_Test.cpp">
      <Filter>Source Files</Filter>
    </ClCompile>
    <ClCompile Include="ConsoleVariableInt_Test.cpp">
      <Filter>Source Files</Filter>
    </ClCompile>
    <ClCompile Include="GuiElementEditText_Test.cpp">
      <Filter>Source Files</Filter>
    </ClCompile>
    <ClCompile Include="GuiElementList_Test.cpp">
      <Filter>Source Files</Filter>
    </ClCompile>
    <ClCompile Include="GuiMenu_Test.cpp">
      <Filter>Source Files</Filter>
    </ClCompile>
    <ClCompile Include="SavedGameInDosFormat_Test.cpp">
      <Filter>Source Files</Filter>
    </ClCompile>
    <ClCompile Include="SavedGamesInDosFormat_Test.cpp">
      <Filter>Source Files</Filter>
    </ClCompile>
    <ClCompile Include="SavedGameInDosFormatLoader_Test.cpp">
      <Filter>Source Files</Filter>
    </ClCompile>
  </ItemGroup>
  <ItemGroup>
    <ClInclude Include="FramesCounter_Test.h">
      <Filter>Header Files</Filter>
    </ClInclude>
    <ClInclude Include="GameAbyss_Test.h">
      <Filter>Header Files</Filter>
    </ClInclude>
    <ClInclude Include="RendererStub.h">
      <Filter>Header Files</Filter>
    </ClInclude>
    <ClInclude Include="LevelLocationNames_Test.h">
      <Filter>Header Files</Filter>
    </ClInclude>
    <ClInclude Include="HelpPages_Test.h">
      <Filter>Header Files</Filter>
    </ClInclude>
    <ClInclude Include="GameArmageddon_Test.h">
      <Filter>Header Files</Filter>
    </ClInclude>
    <ClInclude Include="GameApocalypse_Test.h">
      <Filter>Header Files</Filter>
    </ClInclude>
    <ClInclude Include="ViewPorts_Test.h">
      <Filter>Header Files</Filter>
    </ClInclude>
    <ClInclude Include="GameCatacomb3D_Test.h">
      <Filter>Header Files</Filter>
    </ClInclude>
    <ClInclude Include="TextureAtlas_Test.h">
      <Filter>Header Files</Filter>
    </ClInclude>
    <ClInclude Include="ConsoleVariableBool_Test.h">
      <Filter>Header Files</Filter>
    </ClInclude>
    <ClInclude Include="ConsoleVariableString_Test.h">
      <Filter>Header Files</Filter>
    </ClInclude>
    <ClInclude Include="ConsoleVariableEnum_Test.h">
      <Filter>Header Files</Filter>
    </ClInclude>
    <ClInclude Include="ConsoleVariableInt_Test.h">
      <Filter>Header Files</Filter>
    </ClInclude>
    <ClInclude Include="GuiElementEditText_Test.h">
      <Filter>Header Files</Filter>
    </ClInclude>
    <ClInclude Include="GuiElementList_Test.h">
      <Filter>Header Files</Filter>
    </ClInclude>
    <ClInclude Include="GuiMenu_Test.h">
      <Filter>Header Files</Filter>
    </ClInclude>
    <ClInclude Include="SavedGameInDosFormat_Test.h">
      <Filter>Header Files</Filter>
    </ClInclude>
    <ClInclude Include="SavedGameInDosFormat_Data.h">
      <Filter>Header Files</Filter>
    </ClInclude>
    <ClInclude Include="SavedGamesInDosFormat_Test.h">
      <Filter>Header Files</Filter>
    </ClInclude>
    <ClInclude Include="SavedGameInDosFormatLoader_Test.h">
      <Filter>Header Files</Filter>
    </ClInclude>
  </ItemGroup>
</Project>