<?xml version="1.0" encoding="utf-8"?>
<Project ToolsVersion="4.0" xmlns="http://schemas.microsoft.com/developer/msbuild/2003">
  <ItemGroup>
    <Filter Include="Source Files">
      <UniqueIdentifier>{8907c801-eb85-4220-b997-092c6cc301f2}</UniqueIdentifier>
      <Extensions>cpp;c;cxx;rc;def;r;odl;idl;hpj;bat</Extensions>
    </Filter>
    <Filter Include="Header Files">
      <UniqueIdentifier>{dd6714cf-2722-40e7-9023-ef32c39d9295}</UniqueIdentifier>
      <Extensions>h;hpp;hxx;hm;inl</Extensions>
    </Filter>
  </ItemGroup>
  <ItemGroup>
    <ClInclude Include="resource.h">
      <Filter>Header Files</Filter>
    </ClInclude>
    <ClInclude Include="SystemWin32.h">
      <Filter>Header Files</Filter>
    </ClInclude>
    <ClInclude Include="RendererOpenGLWin32.h">
      <Filter>Header Files</Filter>
    </ClInclude>
  </ItemGroup>
  <ItemGroup>
    <ResourceCompile Include="CatacombGL.rc">
      <Filter>Source Files</Filter>
    </ResourceCompile>
  </ItemGroup>
  <ItemGroup>
    <ClCompile Include="CatacombGL.cpp">
      <Filter>Source Files</Filter>
    </ClCompile>
    <ClCompile Include="SystemWin32.cpp">
      <Filter>Source Files</Filter>
    </ClCompile>
    <ClCompile Include="RendererOpenGLWin32.cpp">
      <Filter>Source Files</Filter>
    </ClCompile>
  </ItemGroup>
  <ItemGroup>
    <Image Include="CatacombGL.ico" />
  </ItemGroup>
</Project>