<?xml version="1.0" encoding="utf-8"?>
<Project ToolsVersion="4.0" xmlns="http://schemas.microsoft.com/developer/msbuild/2003">
  <ItemGroup>
    <Filter Include="Source Files">
      <UniqueIdentifier>{4FC737F1-C7A5-4376-A066-2A32D752A2FF}</UniqueIdentifier>
      <Extensions>cpp;c;cc;cxx;def;odl;idl;hpj;bat;asm;asmx</Extensions>
    </Filter>
    <Filter Include="Header Files">
      <UniqueIdentifier>{93995380-89BD-4b04-88EB-625FBE52EBFB}</UniqueIdentifier>
      <Extensions>h;hh;hpp;hxx;hm;inl;inc;xsd</Extensions>
    </Filter>
    <Filter Include="Resource Files">
      <UniqueIdentifier>{67DA6AB6-F800-4c08-8B7A-83BB121AAD01}</UniqueIdentifier>
      <Extensions>rc;ico;cur;bmp;dlg;rc2;rct;bin;rgs;gif;jpg;jpeg;jpe;resx;tiff;tif;png;wav;mfcribbon-ms</Extensions>
    </Filter>
    <Filter Include="Source Files\ThirdParty">
      <UniqueIdentifier>{f2b17576-b1b6-4c73-b774-b9955e385cbc}</UniqueIdentifier>
    </Filter>
    <Filter Include="Source Files\ThirdParty\RefKeen">
      <UniqueIdentifier>{9194b431-065a-44a8-9ee3-650aaaee94f7}</UniqueIdentifier>
    </Filter>
    <Filter Include="Source Files\ThirdParty\opl">
      <UniqueIdentifier>{b9a9968d-1cea-4040-b996-7e3bdb0b14ae}</UniqueIdentifier>
    </Filter>
    <Filter Include="Header Files\ThirdParty">
      <UniqueIdentifier>{59015cad-43fc-4db6-bcb8-e060c346f482}</UniqueIdentifier>
    </Filter>
    <Filter Include="Header Files\ThirdParty\RefKeen">
      <UniqueIdentifier>{2705edaa-82ac-474d-a7cc-467572ce9e4e}</UniqueIdentifier>
    </Filter>
    <Filter Include="Header Files\ThirdParty\opl">
      <UniqueIdentifier>{98162049-c167-4e51-aad7-0909c5c1bb2e}</UniqueIdentifier>
    </Filter>
  </ItemGroup>
  <ItemGroup>
    <ClCompile Include="..\..\ThirdParty\opl\dbopl.cpp">
      <Filter>Source Files\ThirdParty\opl</Filter>
    </ClCompile>
    <ClCompile Include="..\..\ThirdParty\RefKeen\be_st_sdl_audio_timer.cpp">
      <Filter>Source Files\ThirdParty\RefKeen</Filter>
    </ClCompile>
    <ClCompile Include="..\..\ThirdParty\RefKeen\id_sd.cpp">
      <Filter>Source Files\ThirdParty\RefKeen</Filter>
    </ClCompile>
    <ClCompile Include="Actor.cpp">
      <Filter>Source Files</Filter>
    </ClCompile>
    <ClCompile Include="AdlibSound.cpp">
      <Filter>Source Files</Filter>
    </ClCompile>
    <ClCompile Include="AudioPlayer.cpp">
      <Filter>Source Files</Filter>
    </ClCompile>
    <ClCompile Include="AudioRepository.cpp">
      <Filter>Source Files</Filter>
    </ClCompile>
    <ClCompile Include="ConfigurationSettings.cpp">
      <Filter>Source Files</Filter>
    </ClCompile>
    <ClCompile Include="ControlsMap.cpp">
      <Filter>Source Files</Filter>
    </ClCompile>
    <ClCompile Include="Decompressor.cpp">
      <Filter>Source Files</Filter>
    </ClCompile>
    <ClCompile Include="EgaGraph.cpp">
      <Filter>Source Files</Filter>
    </ClCompile>
    <ClCompile Include="ExtraMenu.cpp">
      <Filter>Source Files</Filter>
    </ClCompile>
    <ClCompile Include="FileChunk.cpp">
      <Filter>Source Files</Filter>
    </ClCompile>
    <ClCompile Include="Font.cpp">
      <Filter>Source Files</Filter>
    </ClCompile>
    <ClCompile Include="FramesCounter.cpp">
      <Filter>Source Files</Filter>
    </ClCompile>
    <ClCompile Include="GameDetection.cpp">
      <Filter>Source Files</Filter>
    </ClCompile>
    <ClCompile Include="GameMaps.cpp">
      <Filter>Source Files</Filter>
    </ClCompile>
    <ClCompile Include="GameTimer.cpp">
      <Filter>Source Files</Filter>
    </ClCompile>
    <ClCompile Include="Huffman.cpp">
      <Filter>Source Files</Filter>
    </ClCompile>
    <ClCompile Include="PCSound.cpp">
      <Filter>Source Files</Filter>
    </ClCompile>
    <ClCompile Include="Picture.cpp">
      <Filter>Source Files</Filter>
    </ClCompile>
    <ClCompile Include="PictureTable.cpp">
      <Filter>Source Files</Filter>
    </ClCompile>
    <ClCompile Include="PlayerInput.cpp">
      <Filter>Source Files</Filter>
    </ClCompile>
    <ClCompile Include="PlayerInventory.cpp">
      <Filter>Source Files</Filter>
    </ClCompile>
    <ClCompile Include="Radar.cpp">
      <Filter>Source Files</Filter>
    </ClCompile>
    <ClCompile Include="Shape.cpp">
      <Filter>Source Files</Filter>
    </ClCompile>
    <ClCompile Include="SpriteTable.cpp">
      <Filter>Source Files</Filter>
    </ClCompile>
    <ClCompile Include="EngineCore.cpp">
      <Filter>Source Files</Filter>
    </ClCompile>
    <ClCompile Include="PlayerActions.cpp">
      <Filter>Source Files</Filter>
    </ClCompile>
    <ClCompile Include="Level.cpp">
      <Filter>Source Files</Filter>
    </ClCompile>
    <ClCompile Include="LevelLocationNames.cpp">
      <Filter>Source Files</Filter>
    </ClCompile>
    <ClCompile Include="IIntroView.cpp">
      <Filter>Source Files</Filter>
    </ClCompile>
    <ClCompile Include="HelpPages.cpp">
      <Filter>Source Files</Filter>
    </ClCompile>
    <ClCompile Include="DefaultFont.cpp">
      <Filter>Source Files</Filter>
    </ClCompile>
    <ClCompile Include="GameSelection.cpp">
      <Filter>Source Files</Filter>
    </ClCompile>
    <ClCompile Include="Logging.cpp">
      <Filter>Source Files</Filter>
    </ClCompile>
    <ClCompile Include="Console.cpp">
      <Filter>Source Files</Filter>
    </ClCompile>
    <ClCompile Include="ViewPorts.cpp">
      <Filter>Source Files</Filter>
    </ClCompile>
    <ClCompile Include="Score.cpp">
      <Filter>Source Files</Filter>
    </ClCompile>
    <ClCompile Include="HighScores.cpp">
      <Filter>Source Files</Filter>
    </ClCompile>
    <ClCompile Include="FadeEffect.cpp">
      <Filter>Source Files</Filter>
    </ClCompile>
    <ClCompile Include="TextureAtlas.cpp">
      <Filter>Source Files</Filter>
    </ClCompile>
    <ClCompile Include="RenderableText.cpp">
      <Filter>Source Files</Filter>
    </ClCompile>
    <ClCompile Include="RenderableTiles.cpp">
      <Filter>Source Files</Filter>
    </ClCompile>
    <ClCompile Include="RenderableSprites.cpp">
      <Filter>Source Files</Filter>
    </ClCompile>
    <ClCompile Include="Renderable3DWalls.cpp">
      <Filter>Source Files</Filter>
    </ClCompile>
    <ClCompile Include="Renderable3DTiles.cpp">
      <Filter>Source Files</Filter>
    </ClCompile>
    <ClCompile Include="AutoMap.cpp">
      <Filter>Source Files</Filter>
    </ClCompile>
    <ClCompile Include="RenderableAutoMapIso.cpp">
      <Filter>Source Files</Filter>
    </ClCompile>
    <ClCompile Include="Renderable3DScene.cpp">
      <Filter>Source Files</Filter>
    </ClCompile>
    <ClCompile Include="RenderableAutoMapTopDown.cpp">
      <Filter>Source Files</Filter>
    </ClCompile>
    <ClCompile Include="ManaBar.cpp">
      <Filter>Source Files</Filter>
    </ClCompile>
    <ClCompile Include="OpenGLFrameBuffer.cpp">
      <Filter>Source Files</Filter>
    </ClCompile>
    <ClCompile Include="OpenGLBasic.cpp">
      <Filter>Source Files</Filter>
    </ClCompile>
    <ClCompile Include="ConsoleVariable.cpp">
      <Filter>Source Files</Filter>
    </ClCompile>
    <ClCompile Include="ConsoleVariableBool.cpp">
      <Filter>Source Files</Filter>
    </ClCompile>
    <ClCompile Include="ConsoleVariableString.cpp">
      <Filter>Source Files</Filter>
    </ClCompile>
  </ItemGroup>
  <ItemGroup>
    <ClInclude Include="..\..\ThirdParty\opl\dbopl.h">
      <Filter>Header Files\ThirdParty\opl</Filter>
    </ClInclude>
    <ClInclude Include="..\..\ThirdParty\RefKeen\be_st.h">
      <Filter>Header Files\ThirdParty\RefKeen</Filter>
    </ClInclude>
    <ClInclude Include="..\..\ThirdParty\RefKeen\id_sd.h">
      <Filter>Header Files\ThirdParty\RefKeen</Filter>
    </ClInclude>
    <ClInclude Include="Actor.h">
      <Filter>Header Files</Filter>
    </ClInclude>
    <ClInclude Include="AdlibSound.h">
      <Filter>Header Files</Filter>
    </ClInclude>
    <ClInclude Include="AudioPlayer.h">
      <Filter>Header Files</Filter>
    </ClInclude>
    <ClInclude Include="AudioRepository.h">
      <Filter>Header Files</Filter>
    </ClInclude>
    <ClInclude Include="ConfigurationSettings.h">
      <Filter>Header Files</Filter>
    </ClInclude>
    <ClInclude Include="ControlsMap.h">
      <Filter>Header Files</Filter>
    </ClInclude>
    <ClInclude Include="Decompressor.h">
      <Filter>Header Files</Filter>
    </ClInclude>
    <ClInclude Include="Decorate.h">
      <Filter>Header Files</Filter>
    </ClInclude>
    <ClInclude Include="EgaColor.h">
      <Filter>Header Files</Filter>
    </ClInclude>
    <ClInclude Include="EgaGraph.h">
      <Filter>Header Files</Filter>
    </ClInclude>
    <ClInclude Include="ExtraMenu.h">
      <Filter>Header Files</Filter>
    </ClInclude>
    <ClInclude Include="FileChunk.h">
      <Filter>Header Files</Filter>
    </ClInclude>
    <ClInclude Include="Font.h">
      <Filter>Header Files</Filter>
    </ClInclude>
    <ClInclude Include="FramesCounter.h">
      <Filter>Header Files</Filter>
    </ClInclude>
    <ClInclude Include="GameDetection.h">
      <Filter>Header Files</Filter>
    </ClInclude>
    <ClInclude Include="GameMaps.h">
      <Filter>Header Files</Filter>
    </ClInclude>
    <ClInclude Include="GameTimer.h">
      <Filter>Header Files</Filter>
    </ClInclude>
    <ClInclude Include="Huffman.h">
      <Filter>Header Files</Filter>
    </ClInclude>
    <ClInclude Include="PCSound.h">
      <Filter>Header Files</Filter>
    </ClInclude>
    <ClInclude Include="Picture.h">
      <Filter>Header Files</Filter>
    </ClInclude>
    <ClInclude Include="PictureTable.h">
      <Filter>Header Files</Filter>
    </ClInclude>
    <ClInclude Include="PlayerInput.h">
      <Filter>Header Files</Filter>
    </ClInclude>
    <ClInclude Include="PlayerInventory.h">
      <Filter>Header Files</Filter>
    </ClInclude>
    <ClInclude Include="Radar.h">
      <Filter>Header Files</Filter>
    </ClInclude>
    <ClInclude Include="Shape.h">
      <Filter>Header Files</Filter>
    </ClInclude>
    <ClInclude Include="SpriteTable.h">
      <Filter>Header Files</Filter>
    </ClInclude>
    <ClInclude Include="ISystem.h">
      <Filter>Header Files</Filter>
    </ClInclude>
    <ClInclude Include="EngineCore.h">
      <Filter>Header Files</Filter>
    </ClInclude>
    <ClInclude Include="IGame.h">
      <Filter>Header Files</Filter>
    </ClInclude>
    <ClInclude Include="IRenderer.h">
      <Filter>Header Files</Filter>
    </ClInclude>
    <ClInclude Include="IIntroView.h">
      <Filter>Header Files</Filter>
    </ClInclude>
    <ClInclude Include="PlayerActions.h">
      <Filter>Header Files</Filter>
    </ClInclude>
    <ClInclude Include="LevelLocationNames.h">
      <Filter>Header Files</Filter>
    </ClInclude>
    <ClInclude Include="Level.h">
      <Filter>Header Files</Filter>
    </ClInclude>
    <ClInclude Include="HelpPages.h">
      <Filter>Header Files</Filter>
    </ClInclude>
    <ClInclude Include="DefaultFont.h">
      <Filter>Header Files</Filter>
    </ClInclude>
    <ClInclude Include="GameSelection.h">
      <Filter>Header Files</Filter>
    </ClInclude>
    <ClInclude Include="Logging.h">
      <Filter>Header Files</Filter>
    </ClInclude>
    <ClInclude Include="Console.h">
      <Filter>Header Files</Filter>
    </ClInclude>
    <ClInclude Include="ViewPorts.h">
      <Filter>Header Files</Filter>
    </ClInclude>
    <ClInclude Include="IMenu.h">
      <Filter>Header Files</Filter>
    </ClInclude>
    <ClInclude Include="Score.h">
      <Filter>Header Files</Filter>
    </ClInclude>
    <ClInclude Include="HighScores.h">
      <Filter>Header Files</Filter>
    </ClInclude>
    <ClInclude Include="FadeEffect.h">
      <Filter>Header Files</Filter>
    </ClInclude>
    <ClInclude Include="TextureAtlas.h">
      <Filter>Header Files</Filter>
    </ClInclude>
    <ClInclude Include="RenderableText.h">
      <Filter>Header Files</Filter>
    </ClInclude>
    <ClInclude Include="RenderableTiles.h">
      <Filter>Header Files</Filter>
    </ClInclude>
    <ClInclude Include="RenderableSprites.h">
      <Filter>Header Files</Filter>
    </ClInclude>
    <ClInclude Include="Renderable3DWalls.h">
      <Filter>Header Files</Filter>
    </ClInclude>
    <ClInclude Include="Renderable3DTiles.h">
      <Filter>Header Files</Filter>
    </ClInclude>
    <ClInclude Include="AutoMap.h">
      <Filter>Header Files</Filter>
    </ClInclude>
    <ClInclude Include="RenderableAutoMapIso.h">
      <Filter>Header Files</Filter>
    </ClInclude>
    <ClInclude Include="Renderable3DScene.h">
      <Filter>Header Files</Filter>
    </ClInclude>
    <ClInclude Include="RenderableAutoMapTopDown.h">
      <Filter>Header Files</Filter>
    </ClInclude>
    <ClInclude Include="ManaBar.h">
      <Filter>Header Files</Filter>
    </ClInclude>
    <ClInclude Include="OpenGLFrameBuffer.h">
      <Filter>Header Files</Filter>
    </ClInclude>
    <ClInclude Include="OpenGLBasic.h">
      <Filter>Header Files</Filter>
    </ClInclude>
    <ClInclude Include="ConsoleVariable.h">
      <Filter>Header Files</Filter>
    </ClInclude>
    <ClInclude Include="ConsoleVariableBool.h">
      <Filter>Header Files</Filter>
    </ClInclude>
    <ClInclude Include="ConsoleVariableString.h">
      <Filter>Header Files</Filter>
    </ClInclude>
  </ItemGroup>
</Project>