<?xml version="1.0" encoding="utf-8"?>
<Project ToolsVersion="4.0" xmlns="http://schemas.microsoft.com/developer/msbuild/2003">
  <ItemGroup>
    <Filter Include="Source Files">
      <UniqueIdentifier>{4FC737F1-C7A5-4376-A066-2A32D752A2F1}</UniqueIdentifier>
      <Extensions>cpp;c;cc;cxx;def;odl;idl;hpj;bat;asm;asmx</Extensions>
    </Filter>
    <Filter Include="Header Files">
      <UniqueIdentifier>{93995380-89BD-4b04-88EB-625FBE52EBF1}</UniqueIdentifier>
      <Extensions>h;hh;hpp;hxx;hm;inl;inc;xsd</Extensions>
    </Filter>
    <Filter Include="Resource Files">
      <UniqueIdentifier>{67DA6AB6-F800-4c08-8B7A-83BB121AAD02}</UniqueIdentifier>
      <Extensions>rc;ico;cur;bmp;dlg;rc2;rct;bin;rgs;gif;jpg;jpeg;jpe;resx;tiff;tif;png;wav;mfcribbon-ms</Extensions>
    </Filter>
  </ItemGroup>
  <ItemGroup>
    <ClInclude Include="GameDetectionCatacomb3D.h">
      <Filter>Header Files</Filter>
    </ClInclude>
    <ClInclude Include="EgaGraphCatacomb3D.h">
      <Filter>Header Files</Filter>
    </ClInclude>
    <ClInclude Include="AudioRepositoryCatacomb3D.h">
      <Filter>Header Files</Filter>
    </ClInclude>
    <ClInclude Include="GameMapsCatacomb3D.h">
      <Filter>Header Files</Filter>
    </ClInclude>
    <ClInclude Include="IntroViewCatacomb3D.h">
      <Filter>Header Files</Filter>
    </ClInclude>
    <ClInclude Include="DecorateMisc.h">
      <Filter>Header Files</Filter>
    </ClInclude>
    <ClInclude Include="DecorateProjectiles.h">
      <Filter>Header Files</Filter>
    </ClInclude>
    <ClInclude Include="DecorateAll.h">
      <Filter>Header Files</Filter>
    </ClInclude>
    <ClInclude Include="GameCatacomb3D.h">
      <Filter>Header Files</Filter>
    </ClInclude>
    <ClInclude Include="DecorateBonus.h">
      <Filter>Header Files</Filter>
    </ClInclude>
    <ClInclude Include="DecorateMonsters.h">
      <Filter>Header Files</Filter>
    </ClInclude>
    <ClInclude Include="Catacomb3DMenu.h">
      <Filter>Header Files</Filter>
    </ClInclude>
    <ClInclude Include="SkullNBones.h">
      <Filter>Header Files</Filter>
    </ClInclude>
    <ClInclude Include="GuiElementEnumSelectionCat3D.h">
      <Filter>Header Files</Filter>
    </ClInclude>
    <ClInclude Include="GuiElementIntSelectionCat3D.h">
      <Filter>Header Files</Filter>
    </ClInclude>
    <ClInclude Include="GuiElementBoolSelectionCat3D.h">
      <Filter>Header Files</Filter>
    </ClInclude>
    <ClInclude Include="GuiElementBindKeyCat3D.h">
      <Filter>Header Files</Filter>
    </ClInclude>
    <ClInclude Include="GuiPageFrameCat3D.h">
      <Filter>Header Files</Filter>
    </ClInclude>
    <ClInclude Include="GuiElementSaveSlotEditableCat3D.h">
      <Filter>Header Files</Filter>
    </ClInclude>
    <ClInclude Include="GuiElementSaveSlotStaticCat3D.h">
      <Filter>Header Files</Filter>
    </ClInclude>
    <ClInclude Include="GuiElementButtonCat3D.h">
      <Filter>Header Files</Filter>
    </ClInclude>
    <ClInclude Include="GuiElementEnumSelectionCat3DRadio.h">
      <Filter>Header Files</Filter>
    </ClInclude>
    <ClInclude Include="SavedGameConverterCatacomb3D.h">
      <Filter>Header Files</Filter>
    </ClInclude>
  </ItemGroup>
  <ItemGroup>
    <ClCompile Include="IntroViewCatacomb3D.cpp">
      <Filter>Source Files</Filter>
    </ClCompile>
    <ClCompile Include="GameCatacomb3D.cpp">
      <Filter>Source Files</Filter>
    </ClCompile>
    <ClCompile Include="Catacomb3DMenu.cpp">
      <Filter>Source Files</Filter>
    </ClCompile>
    <ClCompile Include="SkullNBones.cpp">
      <Filter>Source Files</Filter>
    </ClCompile>
    <ClCompile Include="GuiElementEnumSelectionCat3D.cpp">
      <Filter>Source Files</Filter>
    </ClCompile>
    <ClCompile Include="GuiElementIntSelectionCat3D.cpp">
      <Filter>Source Files</Filter>
    </ClCompile>
    <ClCompile Include="GuiElementBoolSelectionCat3D.cpp">
      <Filter>Source Files</Filter>
    </ClCompile>
    <ClCompile Include="GuiElementBindKeyCat3D.cpp">
      <Filter>Source Files</Filter>
    </ClCompile>
    <ClCompile Include="GuiPageFrameCat3D.cpp">
      <Filter>Source Files</Filter>
    </ClCompile>
    <ClCompile Include="GuiElementSaveSlotStaticCat3D.cpp">
      <Filter>Source Files</Filter>
    </ClCompile>
    <ClCompile Include="GuiElementSaveSlotEditableCat3D.cpp">
      <Filter>Source Files</Filter>
    </ClCompile>
    <ClCompile Include="GuiElementButtonCat3D.cpp">
      <Filter>Source Files</Filter>
    </ClCompile>
    <ClCompile Include="GuiElementEnumSelectionCat3DRadio.cpp">
      <Filter>Source Files</Filter>
    </ClCompile>
    <ClCompile Include="SavedGameConverterCatacomb3D.cpp">
      <Filter>Source Files</Filter>
    </ClCompile>
  </ItemGroup>
</Project>